// !$*UTF8*$!
{
	archiveVersion = 1;
	classes = {
	};
	objectVersion = 46;
	objects = {

/* Begin PBXBuildFile section */
		0BFC9C20FD7E3C8D5873AA97 /* ofxMidiIn.cpp in Sources */ = {isa = PBXBuildFile; fileRef = 3DD359247F3ED1550D8BB5C9 /* ofxMidiIn.cpp */; };
		0D2DAF6F9E42009D3BF3C6C2 /* Grid.cpp in Sources */ = {isa = PBXBuildFile; fileRef = 2A6EB442934951591546348A /* Grid.cpp */; };
		101D2DB773940813A5C898CD /* ofxAubioPitch.cpp in Sources */ = {isa = PBXBuildFile; fileRef = 93CAC8A94359FD331BAD8CFA /* ofxAubioPitch.cpp */; };
		11DF9AB1B4EAA63E3B190CA0 /* ofxSyphonServerDirectory.mm in Sources */ = {isa = PBXBuildFile; fileRef = E723BEF4C55D236E24639608 /* ofxSyphonServerDirectory.mm */; };
		1738F7885B5BB0AFE7195AE9 /* VolumeHistorySketch.cpp in Sources */ = {isa = PBXBuildFile; fileRef = FDFB7365D884709C1BEE7B65 /* VolumeHistorySketch.cpp */; };
		1A86B7721CAEBC6F1C572C45 /* ofxBaseMidi.cpp in Sources */ = {isa = PBXBuildFile; fileRef = 94B3C3C21F92F9310CA90986 /* ofxBaseMidi.cpp */; };
		1CD33E884D9E3358252E82A1 /* ofxToggle.cpp in Sources */ = {isa = PBXBuildFile; fileRef = 907C5B5E104864A2D3A25745 /* ofxToggle.cpp */; };
		1F558B76FB3412843DDAA031 /* ofxSyphonClient.mm in Sources */ = {isa = PBXBuildFile; fileRef = 03EA4DA95B5E1B8409FC058E /* ofxSyphonClient.mm */; };
		318E1A30E2B6DEA6221C4852 /* TriangleSketch.cpp in Sources */ = {isa = PBXBuildFile; fileRef = D6680B96E22A75CD65CF3606 /* TriangleSketch.cpp */; };
		392C43751C18BDAE00CBD622 /* BoidSketch.cpp in Sources */ = {isa = PBXBuildFile; fileRef = 392C43731C18BDAE00CBD622 /* BoidSketch.cpp */; settings = {ASSET_TAGS = (); }; };
		392C43781C18C33D00CBD622 /* Particle.cpp in Sources */ = {isa = PBXBuildFile; fileRef = 392C43761C18C33D00CBD622 /* Particle.cpp */; settings = {ASSET_TAGS = (); }; };
		397B870D1C177E39006FA0C1 /* CubeSketch.cpp in Sources */ = {isa = PBXBuildFile; fileRef = 397B870B1C177E39006FA0C1 /* CubeSketch.cpp */; settings = {ASSET_TAGS = (); }; };
		3AEFE4FA8AD5C72671AD07F8 /* ofxRtMidiOut.cpp in Sources */ = {isa = PBXBuildFile; fileRef = 712B183BC00EBFFB1EEA5AB8 /* ofxRtMidiOut.cpp */; };
		479DCA850DD8BB469A777AD4 /* ofxAubioBeat.cpp in Sources */ = {isa = PBXBuildFile; fileRef = A96B8F6D2ECF14F9304EBD6C /* ofxAubioBeat.cpp */; };
		483908258D00B98B4BE69F07 /* ofxLabel.cpp in Sources */ = {isa = PBXBuildFile; fileRef = 78D67A00EB899FAC09430597 /* ofxLabel.cpp */; };
		487EF70EE040D66B538A0BDB /* ParameterWindow.cpp in Sources */ = {isa = PBXBuildFile; fileRef = FEE07A8E048102DF5B1EE451 /* ParameterWindow.cpp */; };
		4D508D34156E7076531D9084 /* Syphon.framework in CopyFiles */ = {isa = PBXBuildFile; fileRef = D58DCB2C0AEFDE6171E29540 /* Syphon.framework */; };
		5CBB2AB3A60F65431D7B555D /* ofxButton.cpp in Sources */ = {isa = PBXBuildFile; fileRef = C88333E71C9457E441C33474 /* ofxButton.cpp */; };
		631702104AFC104323A9EB79 /* CoreMIDI.framework in Frameworks */ = {isa = PBXBuildFile; fileRef = 81AC32CCCB56FAABA3E1BDE0 /* CoreMIDI.framework */; };
		63D0FD8734D5760B8080C901 /* RtMidi.cpp in Sources */ = {isa = PBXBuildFile; fileRef = ABDEF0ACF05BF28F5C74E008 /* RtMidi.cpp */; };
		63F9FE1D90234FA6DE6F509E /* ofxMidi.cpp in Sources */ = {isa = PBXBuildFile; fileRef = E238CCDE032640E0FEBFAD82 /* ofxMidi.cpp */; };
		67383740F5CC47ED5F955A76 /* ofxAubioMelBands.cpp in Sources */ = {isa = PBXBuildFile; fileRef = 776A1553D592FD9AA388C543 /* ofxAubioMelBands.cpp */; };
		837220E80EB56CD44AD27F2A /* ofxSlider.cpp in Sources */ = {isa = PBXBuildFile; fileRef = 15F2C6477A769C03A56D1401 /* ofxSlider.cpp */; };
		83D9F930112E0944444124EE /* ofxMidiOut.cpp in Sources */ = {isa = PBXBuildFile; fileRef = 04F77E5C73A62E2E77C78EC6 /* ofxMidiOut.cpp */; };
		856AA354D08AB4B323081444 /* ofxBaseGui.cpp in Sources */ = {isa = PBXBuildFile; fileRef = 9604B925D32EE39065747725 /* ofxBaseGui.cpp */; };
		873C6A46EA3AB01A1D635C1C /* TrippyLinesSketch.cpp in Sources */ = {isa = PBXBuildFile; fileRef = 1970BCEA9EF8DE98660F9B6F /* TrippyLinesSketch.cpp */; };
		8D60C222CBD3F869382832E9 /* ofxSyphonServer.mm in Sources */ = {isa = PBXBuildFile; fileRef = 32D6F27DC6308427F9A278C1 /* ofxSyphonServer.mm */; };
		91195718174C7479B1CE580B /* PulseSketch.cpp in Sources */ = {isa = PBXBuildFile; fileRef = 7D73200D771F5A08E13D5560 /* PulseSketch.cpp */; };
		9C7B8B4D99CDFC508E76CC3A /* ofxAubioOnset.cpp in Sources */ = {isa = PBXBuildFile; fileRef = 8A90A4B17BBB4CB627CA22C4 /* ofxAubioOnset.cpp */; };
		A413BB7E7147EDB2203702FA /* AudioManager.cpp in Sources */ = {isa = PBXBuildFile; fileRef = 3B2109163FBFB935DA7EE14F /* AudioManager.cpp */; };
		B266578FC55D23BFEBC042E7 /* ofxGuiGroup.cpp in Sources */ = {isa = PBXBuildFile; fileRef = ECF8674C7975F1063C5E30CA /* ofxGuiGroup.cpp */; };
		B35439E42C56728B59A413F2 /* ofxDatGuiTemplate.cpp in Sources */ = {isa = PBXBuildFile; fileRef = A09D5353E55C9970EAD6C2D3 /* ofxDatGuiTemplate.cpp */; };
		B56FE57CC35806596D38118C /* ofxSliderGroup.cpp in Sources */ = {isa = PBXBuildFile; fileRef = 802251BAF1B35B1D67B32FD0 /* ofxSliderGroup.cpp */; };
		BCC8D420CBA9217E437D2D76 /* ofxRtMidiIn.cpp in Sources */ = {isa = PBXBuildFile; fileRef = F634AA6CA2E3C60F3B87B59A /* ofxRtMidiIn.cpp */; };
		C0702F5F1C16BD060007CC4A /* SketchManager.cpp in Sources */ = {isa = PBXBuildFile; fileRef = C0702F5D1C16BD060007CC4A /* SketchManager.cpp */; };
		C07106311C1645E0000E7A62 /* WaveSketch.cpp in Sources */ = {isa = PBXBuildFile; fileRef = C071062F1C1645E0000E7A62 /* WaveSketch.cpp */; };
		C093D07E1C1633C7007F2C2F /* aubio.framework in Frameworks */ = {isa = PBXBuildFile; fileRef = C093D07D1C1633C7007F2C2F /* aubio.framework */; };
		C0FB85D81C18A01D002E4849 /* CubeSketch.cpp in Sources */ = {isa = PBXBuildFile; fileRef = C0FB85D61C18A01D002E4849 /* CubeSketch.cpp */; };
		C0FB85DE1C18C25B002E4849 /* ofxPostGlitch.cpp in Sources */ = {isa = PBXBuildFile; fileRef = C0FB85DC1C18C25B002E4849 /* ofxPostGlitch.cpp */; };
		C0FB85E11C18DB52002E4849 /* EinsteinSketch.cpp in Sources */ = {isa = PBXBuildFile; fileRef = C0FB85DF1C18DB52002E4849 /* EinsteinSketch.cpp */; };
		C60077973A257D8F44947E2E /* ofxAubioBlock.cpp in Sources */ = {isa = PBXBuildFile; fileRef = 737C0C27DB7B0C9484DCEBAE /* ofxAubioBlock.cpp */; };
		C6FE64F74F1EA1D98C8F9847 /* ofxMidiMessage.cpp in Sources */ = {isa = PBXBuildFile; fileRef = C0E7EDA67EDF213FC0E83D17 /* ofxMidiMessage.cpp */; };
		C9109422648B170B07A778CF /* SyphonNameboundClient.m in Sources */ = {isa = PBXBuildFile; fileRef = E3405C5AE387BDDC2AD19473 /* SyphonNameboundClient.m */; };
		C9466C434D1CF8AB968D298D /* ofxDatGui.cpp in Sources */ = {isa = PBXBuildFile; fileRef = 26490D7CC31EF7D6ED5F925A /* ofxDatGui.cpp */; };
		D3C1C48E59CAA2D68C0DD477 /* ofxDatGuiComponent.cpp in Sources */ = {isa = PBXBuildFile; fileRef = 1A3E3B8F332A1A3C7EDF4998 /* ofxDatGuiComponent.cpp */; };
		DCB1F91F764D35903CFA538A /* FlashSketch.cpp in Sources */ = {isa = PBXBuildFile; fileRef = 60876AEDDD12B0287DBA167B /* FlashSketch.cpp */; };
		E1A3FD40C8BCD507345F1126 /* Syphon.framework in Frameworks */ = {isa = PBXBuildFile; fileRef = D58DCB2C0AEFDE6171E29540 /* Syphon.framework */; };
		E4328149138ABC9F0047C5CB /* openFrameworksDebug.a in Frameworks */ = {isa = PBXBuildFile; fileRef = E4328148138ABC890047C5CB /* openFrameworksDebug.a */; };
		E4B69E200A3A1BDC003C02F2 /* main.cpp in Sources */ = {isa = PBXBuildFile; fileRef = E4B69E1D0A3A1BDC003C02F2 /* main.cpp */; };
		E4B69E210A3A1BDC003C02F2 /* ofApp.cpp in Sources */ = {isa = PBXBuildFile; fileRef = E4B69E1E0A3A1BDC003C02F2 /* ofApp.cpp */; };
		F285EB3169F1566CA3D93C20 /* ofxPanel.cpp in Sources */ = {isa = PBXBuildFile; fileRef = E112B3AEBEA2C091BF2B40AE /* ofxPanel.cpp */; };
		FAF35839FD75A1A709AD14B2 /* SoundwaveSketch.cpp in Sources */ = {isa = PBXBuildFile; fileRef = 4C55CDD734A257453F8E52F4 /* SoundwaveSketch.cpp */; };
/* End PBXBuildFile section */

/* Begin PBXContainerItemProxy section */
		E4328147138ABC890047C5CB /* PBXContainerItemProxy */ = {
			isa = PBXContainerItemProxy;
			containerPortal = E4328143138ABC890047C5CB /* openFrameworksLib.xcodeproj */;
			proxyType = 2;
			remoteGlobalIDString = E4B27C1510CBEB8E00536013;
			remoteInfo = openFrameworks;
		};
		E4EEB9AB138B136A00A80321 /* PBXContainerItemProxy */ = {
			isa = PBXContainerItemProxy;
			containerPortal = E4328143138ABC890047C5CB /* openFrameworksLib.xcodeproj */;
			proxyType = 1;
			remoteGlobalIDString = E4B27C1410CBEB8E00536013;
			remoteInfo = openFrameworks;
		};
/* End PBXContainerItemProxy section */

/* Begin PBXCopyFilesBuildPhase section */
		E4C2427710CC5ABF004149E2 /* CopyFiles */ = {
			isa = PBXCopyFilesBuildPhase;
			buildActionMask = 2147483647;
			dstPath = "";
			dstSubfolderSpec = 10;
			files = (
				4D508D34156E7076531D9084 /* Syphon.framework in CopyFiles */,
			);
			runOnlyForDeploymentPostprocessing = 0;
		};
/* End PBXCopyFilesBuildPhase section */

/* Begin PBXFileReference section */
		01FAC3552E00C3620035EA2F /* ofxSyphonClient.h */ = {isa = PBXFileReference; explicitFileType = sourcecode.c.h; fileEncoding = 30; name = ofxSyphonClient.h; path = ../../../addons/ofxSyphon/src/ofxSyphonClient.h; sourceTree = SOURCE_ROOT; };
		03EA4DA95B5E1B8409FC058E /* ofxSyphonClient.mm */ = {isa = PBXFileReference; explicitFileType = sourcecode.cpp.objcpp; fileEncoding = 30; name = ofxSyphonClient.mm; path = ../../../addons/ofxSyphon/src/ofxSyphonClient.mm; sourceTree = SOURCE_ROOT; };
		04C339FF9ADCF05DF2DA62A3 /* ofxDatGuiTextInputField.h */ = {isa = PBXFileReference; explicitFileType = sourcecode.c.h; fileEncoding = 30; name = ofxDatGuiTextInputField.h; path = ../../../addons/ofxDatGui/src/components/ofxDatGuiTextInputField.h; sourceTree = SOURCE_ROOT; };
		04F77E5C73A62E2E77C78EC6 /* ofxMidiOut.cpp */ = {isa = PBXFileReference; explicitFileType = sourcecode.cpp.cpp; fileEncoding = 30; name = ofxMidiOut.cpp; path = ../../../addons/ofxMidi/src/ofxMidiOut.cpp; sourceTree = SOURCE_ROOT; };
		05F6CF127D4A621113D4A62F /* ofxMidi.h */ = {isa = PBXFileReference; explicitFileType = sourcecode.c.h; fileEncoding = 30; name = ofxMidi.h; path = ../../../addons/ofxMidi/src/ofxMidi.h; sourceTree = SOURCE_ROOT; };
		0984191B2003C1E86CF4C57A /* ofxAubioOnset.h */ = {isa = PBXFileReference; explicitFileType = sourcecode.c.h; fileEncoding = 30; name = ofxAubioOnset.h; path = ../../../addons/ofxAubio/src/ofxAubioOnset.h; sourceTree = SOURCE_ROOT; };
		0A1DAC09F322AE313A40706D /* ofxToggle.h */ = {isa = PBXFileReference; explicitFileType = sourcecode.c.h; fileEncoding = 30; name = ofxToggle.h; path = ../../../addons/ofxGui/src/ofxToggle.h; sourceTree = SOURCE_ROOT; };
		0A42C807BEF3A18E8E105A3B /* ofxDatGuiTimeGraph.h */ = {isa = PBXFileReference; explicitFileType = sourcecode.c.h; fileEncoding = 30; name = ofxDatGuiTimeGraph.h; path = ../../../addons/ofxDatGui/src/components/ofxDatGuiTimeGraph.h; sourceTree = SOURCE_ROOT; };
		0FB83AC7747296DD35C1C295 /* ofxSyphon.h */ = {isa = PBXFileReference; explicitFileType = sourcecode.c.h; fileEncoding = 30; name = ofxSyphon.h; path = ../../../addons/ofxSyphon/src/ofxSyphon.h; sourceTree = SOURCE_ROOT; };
		15F2C6477A769C03A56D1401 /* ofxSlider.cpp */ = {isa = PBXFileReference; explicitFileType = sourcecode.cpp.cpp; fileEncoding = 30; name = ofxSlider.cpp; path = ../../../addons/ofxGui/src/ofxSlider.cpp; sourceTree = SOURCE_ROOT; };
		17E65988300FBD9AAA2CD0CA /* ofxGui.h */ = {isa = PBXFileReference; explicitFileType = sourcecode.c.h; fileEncoding = 30; name = ofxGui.h; path = ../../../addons/ofxGui/src/ofxGui.h; sourceTree = SOURCE_ROOT; };
		1970BCEA9EF8DE98660F9B6F /* TrippyLinesSketch.cpp */ = {isa = PBXFileReference; explicitFileType = sourcecode.cpp.cpp; fileEncoding = 30; name = TrippyLinesSketch.cpp; path = src/fauxclick/sketches/TrippyLinesSketch.cpp; sourceTree = SOURCE_ROOT; };
		1A3E3B8F332A1A3C7EDF4998 /* ofxDatGuiComponent.cpp */ = {isa = PBXFileReference; explicitFileType = sourcecode.cpp.cpp; fileEncoding = 30; name = ofxDatGuiComponent.cpp; path = ../../../addons/ofxDatGui/src/core/ofxDatGuiComponent.cpp; sourceTree = SOURCE_ROOT; };
		1C0DA2561397A7DE0246858B /* ofxGuiGroup.h */ = {isa = PBXFileReference; explicitFileType = sourcecode.c.h; fileEncoding = 30; name = ofxGuiGroup.h; path = ../../../addons/ofxGui/src/ofxGuiGroup.h; sourceTree = SOURCE_ROOT; };
		208298154B11456DCD0BE131 /* ofxRtMidiIn.h */ = {isa = PBXFileReference; explicitFileType = sourcecode.c.h; fileEncoding = 30; name = ofxRtMidiIn.h; path = ../../../addons/ofxMidi/src/desktop/ofxRtMidiIn.h; sourceTree = SOURCE_ROOT; };
		238BB8FC8860C7A7012B2E27 /* ofxAubioMelBands.h */ = {isa = PBXFileReference; explicitFileType = sourcecode.c.h; fileEncoding = 30; name = ofxAubioMelBands.h; path = ../../../addons/ofxAubio/src/ofxAubioMelBands.h; sourceTree = SOURCE_ROOT; };
		26490D7CC31EF7D6ED5F925A /* ofxDatGui.cpp */ = {isa = PBXFileReference; explicitFileType = sourcecode.cpp.cpp; fileEncoding = 30; name = ofxDatGui.cpp; path = ../../../addons/ofxDatGui/src/ofxDatGui.cpp; sourceTree = SOURCE_ROOT; };
		2834D88A62CD23F3DE2C47D1 /* ofxButton.h */ = {isa = PBXFileReference; explicitFileType = sourcecode.c.h; fileEncoding = 30; name = ofxButton.h; path = ../../../addons/ofxGui/src/ofxButton.h; sourceTree = SOURCE_ROOT; };
		2A6EB442934951591546348A /* Grid.cpp */ = {isa = PBXFileReference; explicitFileType = sourcecode.cpp.cpp; fileEncoding = 30; name = Grid.cpp; path = src/fauxclick/classes/Grid.cpp; sourceTree = SOURCE_ROOT; };
		2EAB9F2B065B73DB1934AA51 /* ofxDatGuiTemplate.h */ = {isa = PBXFileReference; explicitFileType = sourcecode.c.h; fileEncoding = 30; name = ofxDatGuiTemplate.h; path = ../../../addons/ofxDatGui/src/templates/ofxDatGuiTemplate.h; sourceTree = SOURCE_ROOT; };
		318E7B99B75AD35356835BE9 /* ofxDatGuiTemplates.h */ = {isa = PBXFileReference; explicitFileType = sourcecode.c.h; fileEncoding = 30; name = ofxDatGuiTemplates.h; path = ../../../addons/ofxDatGui/src/templates/ofxDatGuiTemplates.h; sourceTree = SOURCE_ROOT; };
		32D6F27DC6308427F9A278C1 /* ofxSyphonServer.mm */ = {isa = PBXFileReference; explicitFileType = sourcecode.cpp.objcpp; fileEncoding = 30; name = ofxSyphonServer.mm; path = ../../../addons/ofxSyphon/src/ofxSyphonServer.mm; sourceTree = SOURCE_ROOT; };
		337B812806A0E7D26A029E5A /* ofxSyphonServerDirectory.h */ = {isa = PBXFileReference; explicitFileType = sourcecode.c.h; fileEncoding = 30; name = ofxSyphonServerDirectory.h; path = ../../../addons/ofxSyphon/src/ofxSyphonServerDirectory.h; sourceTree = SOURCE_ROOT; };
		390CB9520E90DD0E636317B8 /* AudioManager.h */ = {isa = PBXFileReference; explicitFileType = sourcecode.c.h; fileEncoding = 30; name = AudioManager.h; path = src/fauxclick/classes/AudioManager.h; sourceTree = SOURCE_ROOT; };
		392C43731C18BDAE00CBD622 /* BoidSketch.cpp */ = {isa = PBXFileReference; fileEncoding = 4; lastKnownFileType = sourcecode.cpp.cpp; name = BoidSketch.cpp; path = fauxclick/sketches/BoidSketch.cpp; sourceTree = "<group>"; };
		392C43741C18BDAE00CBD622 /* BoidSketch.h */ = {isa = PBXFileReference; fileEncoding = 4; lastKnownFileType = sourcecode.c.h; name = BoidSketch.h; path = fauxclick/sketches/BoidSketch.h; sourceTree = "<group>"; };
		392C43761C18C33D00CBD622 /* Particle.cpp */ = {isa = PBXFileReference; fileEncoding = 4; lastKnownFileType = sourcecode.cpp.cpp; name = Particle.cpp; path = fauxclick/classes/Particle.cpp; sourceTree = "<group>"; };
		392C43771C18C33D00CBD622 /* Particle.h */ = {isa = PBXFileReference; fileEncoding = 4; lastKnownFileType = sourcecode.c.h; name = Particle.h; path = fauxclick/classes/Particle.h; sourceTree = "<group>"; };
		397B870B1C177E39006FA0C1 /* CubeSketch.cpp */ = {isa = PBXFileReference; fileEncoding = 4; lastKnownFileType = sourcecode.cpp.cpp; name = CubeSketch.cpp; path = fauxclick/sketches/CubeSketch.cpp; sourceTree = "<group>"; };
		397B870C1C177E39006FA0C1 /* CubeSketch.h */ = {isa = PBXFileReference; fileEncoding = 4; lastKnownFileType = sourcecode.c.h; name = CubeSketch.h; path = fauxclick/sketches/CubeSketch.h; sourceTree = "<group>"; };
		3B2109163FBFB935DA7EE14F /* AudioManager.cpp */ = {isa = PBXFileReference; explicitFileType = sourcecode.cpp.cpp; fileEncoding = 30; name = AudioManager.cpp; path = src/fauxclick/classes/AudioManager.cpp; sourceTree = SOURCE_ROOT; };
		3B6AFA97F893CE28547CFCDC /* ofxAubio.h */ = {isa = PBXFileReference; explicitFileType = sourcecode.c.h; fileEncoding = 30; name = ofxAubio.h; path = ../../../addons/ofxAubio/src/ofxAubio.h; sourceTree = SOURCE_ROOT; };
		3DD359247F3ED1550D8BB5C9 /* ofxMidiIn.cpp */ = {isa = PBXFileReference; explicitFileType = sourcecode.cpp.cpp; fileEncoding = 30; name = ofxMidiIn.cpp; path = ../../../addons/ofxMidi/src/ofxMidiIn.cpp; sourceTree = SOURCE_ROOT; };
		422C4E1AAC7EC4D30B17702D /* ofxDatGuiIntObject.h */ = {isa = PBXFileReference; explicitFileType = sourcecode.c.h; fileEncoding = 30; name = ofxDatGuiIntObject.h; path = ../../../addons/ofxDatGui/src/core/ofxDatGuiIntObject.h; sourceTree = SOURCE_ROOT; };
		4310BEFDE24FF04FEBEE8086 /* ofxBaseMidi.h */ = {isa = PBXFileReference; explicitFileType = sourcecode.c.h; fileEncoding = 30; name = ofxBaseMidi.h; path = ../../../addons/ofxMidi/src/ofxBaseMidi.h; sourceTree = SOURCE_ROOT; };
		46BBCC26D60B589958BF0D03 /* ofxSyphonServer.h */ = {isa = PBXFileReference; explicitFileType = sourcecode.c.h; fileEncoding = 30; name = ofxSyphonServer.h; path = ../../../addons/ofxSyphon/src/ofxSyphonServer.h; sourceTree = SOURCE_ROOT; };
		470CF04F1D4D1B38D5AA1797 /* ofxRtMidiOut.h */ = {isa = PBXFileReference; explicitFileType = sourcecode.c.h; fileEncoding = 30; name = ofxRtMidiOut.h; path = ../../../addons/ofxMidi/src/desktop/ofxRtMidiOut.h; sourceTree = SOURCE_ROOT; };
		4B17A983E507AB0B3F71A2D6 /* ofxAubioBlock.h */ = {isa = PBXFileReference; explicitFileType = sourcecode.c.h; fileEncoding = 30; name = ofxAubioBlock.h; path = ../../../addons/ofxAubio/src/ofxAubioBlock.h; sourceTree = SOURCE_ROOT; };
		4C55CDD734A257453F8E52F4 /* SoundwaveSketch.cpp */ = {isa = PBXFileReference; explicitFileType = sourcecode.cpp.cpp; fileEncoding = 30; name = SoundwaveSketch.cpp; path = src/fauxclick/sketches/SoundwaveSketch.cpp; sourceTree = SOURCE_ROOT; };
		52AFA1F08C420992CAAAE648 /* ofxSlider.h */ = {isa = PBXFileReference; explicitFileType = sourcecode.c.h; fileEncoding = 30; name = ofxSlider.h; path = ../../../addons/ofxGui/src/ofxSlider.h; sourceTree = SOURCE_ROOT; };
		5EE8E59E85F22B8200AD124D /* VolumeHistorySketch.h */ = {isa = PBXFileReference; explicitFileType = sourcecode.c.h; fileEncoding = 30; name = VolumeHistorySketch.h; path = src/fauxclick/sketches/VolumeHistorySketch.h; sourceTree = SOURCE_ROOT; };
		5EF5FA882A66C885D5315355 /* ParameterWindow.h */ = {isa = PBXFileReference; explicitFileType = sourcecode.c.h; fileEncoding = 30; name = ParameterWindow.h; path = src/fauxclick/classes/ParameterWindow.h; sourceTree = SOURCE_ROOT; };
		60876AEDDD12B0287DBA167B /* FlashSketch.cpp */ = {isa = PBXFileReference; explicitFileType = sourcecode.cpp.cpp; fileEncoding = 30; name = FlashSketch.cpp; path = src/fauxclick/sketches/FlashSketch.cpp; sourceTree = SOURCE_ROOT; };
		6360E94854ACBD233E78A478 /* PulseSketch.h */ = {isa = PBXFileReference; explicitFileType = sourcecode.c.h; fileEncoding = 30; name = PulseSketch.h; path = src/fauxclick/sketches/PulseSketch.h; sourceTree = SOURCE_ROOT; };
		64C563B8158C37E9D07AE29D /* ofxDatGuiFRM.h */ = {isa = PBXFileReference; explicitFileType = sourcecode.c.h; fileEncoding = 30; name = ofxDatGuiFRM.h; path = ../../../addons/ofxDatGui/src/components/ofxDatGuiFRM.h; sourceTree = SOURCE_ROOT; };
		712B183BC00EBFFB1EEA5AB8 /* ofxRtMidiOut.cpp */ = {isa = PBXFileReference; explicitFileType = sourcecode.cpp.cpp; fileEncoding = 30; name = ofxRtMidiOut.cpp; path = ../../../addons/ofxMidi/src/desktop/ofxRtMidiOut.cpp; sourceTree = SOURCE_ROOT; };
		71FFD50EA75BCC76F0C58D12 /* SyphonNameboundClient.h */ = {isa = PBXFileReference; explicitFileType = sourcecode.c.h; fileEncoding = 30; name = SyphonNameboundClient.h; path = ../../../addons/ofxSyphon/libs/Syphon/src/SyphonNameboundClient.h; sourceTree = SOURCE_ROOT; };
		737C0C27DB7B0C9484DCEBAE /* ofxAubioBlock.cpp */ = {isa = PBXFileReference; explicitFileType = sourcecode.cpp.cpp; fileEncoding = 30; name = ofxAubioBlock.cpp; path = ../../../addons/ofxAubio/src/ofxAubioBlock.cpp; sourceTree = SOURCE_ROOT; };
		744031A3E8F8DAF9FE6F3EA8 /* ofxDatGuiGroups.h */ = {isa = PBXFileReference; explicitFileType = sourcecode.c.h; fileEncoding = 30; name = ofxDatGuiGroups.h; path = ../../../addons/ofxDatGui/src/components/ofxDatGuiGroups.h; sourceTree = SOURCE_ROOT; };
		754A4D1E58F88E3C0536CE98 /* SoundwaveSketch.h */ = {isa = PBXFileReference; explicitFileType = sourcecode.c.h; fileEncoding = 30; name = SoundwaveSketch.h; path = src/fauxclick/sketches/SoundwaveSketch.h; sourceTree = SOURCE_ROOT; };
		776A1553D592FD9AA388C543 /* ofxAubioMelBands.cpp */ = {isa = PBXFileReference; explicitFileType = sourcecode.cpp.cpp; fileEncoding = 30; name = ofxAubioMelBands.cpp; path = ../../../addons/ofxAubio/src/ofxAubioMelBands.cpp; sourceTree = SOURCE_ROOT; };
		787315438BF1DD00C81DF413 /* ofxDatGuiLabel.h */ = {isa = PBXFileReference; explicitFileType = sourcecode.c.h; fileEncoding = 30; name = ofxDatGuiLabel.h; path = ../../../addons/ofxDatGui/src/components/ofxDatGuiLabel.h; sourceTree = SOURCE_ROOT; };
		78D67A00EB899FAC09430597 /* ofxLabel.cpp */ = {isa = PBXFileReference; explicitFileType = sourcecode.cpp.cpp; fileEncoding = 30; name = ofxLabel.cpp; path = ../../../addons/ofxGui/src/ofxLabel.cpp; sourceTree = SOURCE_ROOT; };
		7D73200D771F5A08E13D5560 /* PulseSketch.cpp */ = {isa = PBXFileReference; explicitFileType = sourcecode.cpp.cpp; fileEncoding = 30; name = PulseSketch.cpp; path = src/fauxclick/sketches/PulseSketch.cpp; sourceTree = SOURCE_ROOT; };
		802251BAF1B35B1D67B32FD0 /* ofxSliderGroup.cpp */ = {isa = PBXFileReference; explicitFileType = sourcecode.cpp.cpp; fileEncoding = 30; name = ofxSliderGroup.cpp; path = ../../../addons/ofxGui/src/ofxSliderGroup.cpp; sourceTree = SOURCE_ROOT; };
		81436E53CC4A77E326F659C3 /* ofxMidiOut.h */ = {isa = PBXFileReference; explicitFileType = sourcecode.c.h; fileEncoding = 30; name = ofxMidiOut.h; path = ../../../addons/ofxMidi/src/ofxMidiOut.h; sourceTree = SOURCE_ROOT; };
		81AC32CCCB56FAABA3E1BDE0 /* CoreMIDI.framework */ = {isa = PBXFileReference; lastKnownFileType = wrapper.framework; name = CoreMIDI.framework; path = /System/Library/Frameworks/CoreMIDI.framework; sourceTree = "<group>"; };
		83943E95749F8B4D393D4F7E /* ofxDatGuiFont.h */ = {isa = PBXFileReference; explicitFileType = sourcecode.c.h; fileEncoding = 30; name = ofxDatGuiFont.h; path = ../../../addons/ofxDatGui/src/core/ofxDatGuiFont.h; sourceTree = SOURCE_ROOT; };
		87F26B4B24CBD428AD9EEBAA /* ofxBaseGui.h */ = {isa = PBXFileReference; explicitFileType = sourcecode.c.h; fileEncoding = 30; name = ofxBaseGui.h; path = ../../../addons/ofxGui/src/ofxBaseGui.h; sourceTree = SOURCE_ROOT; };
		89449E3044D456F7DE7BEA14 /* ofxPanel.h */ = {isa = PBXFileReference; explicitFileType = sourcecode.c.h; fileEncoding = 30; name = ofxPanel.h; path = ../../../addons/ofxGui/src/ofxPanel.h; sourceTree = SOURCE_ROOT; };
		8A90A4B17BBB4CB627CA22C4 /* ofxAubioOnset.cpp */ = {isa = PBXFileReference; explicitFileType = sourcecode.cpp.cpp; fileEncoding = 30; name = ofxAubioOnset.cpp; path = ../../../addons/ofxAubio/src/ofxAubioOnset.cpp; sourceTree = SOURCE_ROOT; };
		902724601B82C6AD81BBCD71 /* ofxDatGui2dPad.h */ = {isa = PBXFileReference; explicitFileType = sourcecode.c.h; fileEncoding = 30; name = ofxDatGui2dPad.h; path = ../../../addons/ofxDatGui/src/components/ofxDatGui2dPad.h; sourceTree = SOURCE_ROOT; };
		907C5B5E104864A2D3A25745 /* ofxToggle.cpp */ = {isa = PBXFileReference; explicitFileType = sourcecode.cpp.cpp; fileEncoding = 30; name = ofxToggle.cpp; path = ../../../addons/ofxGui/src/ofxToggle.cpp; sourceTree = SOURCE_ROOT; };
		938214A2795AA8FED29086DB /* ofxMidiConstants.h */ = {isa = PBXFileReference; explicitFileType = sourcecode.c.h; fileEncoding = 30; name = ofxMidiConstants.h; path = ../../../addons/ofxMidi/src/ofxMidiConstants.h; sourceTree = SOURCE_ROOT; };
		93CAC8A94359FD331BAD8CFA /* ofxAubioPitch.cpp */ = {isa = PBXFileReference; explicitFileType = sourcecode.cpp.cpp; fileEncoding = 30; name = ofxAubioPitch.cpp; path = ../../../addons/ofxAubio/src/ofxAubioPitch.cpp; sourceTree = SOURCE_ROOT; };
		94B3C3C21F92F9310CA90986 /* ofxBaseMidi.cpp */ = {isa = PBXFileReference; explicitFileType = sourcecode.cpp.cpp; fileEncoding = 30; name = ofxBaseMidi.cpp; path = ../../../addons/ofxMidi/src/ofxBaseMidi.cpp; sourceTree = SOURCE_ROOT; };
		9604B925D32EE39065747725 /* ofxBaseGui.cpp */ = {isa = PBXFileReference; explicitFileType = sourcecode.cpp.cpp; fileEncoding = 30; name = ofxBaseGui.cpp; path = ../../../addons/ofxGui/src/ofxBaseGui.cpp; sourceTree = SOURCE_ROOT; };
		9705D66270ED89ECA6E6FECE /* ofxDatGui.h */ = {isa = PBXFileReference; explicitFileType = sourcecode.c.h; fileEncoding = 30; name = ofxDatGui.h; path = ../../../addons/ofxDatGui/src/ofxDatGui.h; sourceTree = SOURCE_ROOT; };
		9B5051062C6A871714E6F5F4 /* ofxDatGuiConstants.h */ = {isa = PBXFileReference; explicitFileType = sourcecode.c.h; fileEncoding = 30; name = ofxDatGuiConstants.h; path = ../../../addons/ofxDatGui/src/core/ofxDatGuiConstants.h; sourceTree = SOURCE_ROOT; };
		9D2C29B96659EBB7A0C5672F /* ofxAubioPitch.h */ = {isa = PBXFileReference; explicitFileType = sourcecode.c.h; fileEncoding = 30; name = ofxAubioPitch.h; path = ../../../addons/ofxAubio/src/ofxAubioPitch.h; sourceTree = SOURCE_ROOT; };
		A09D5353E55C9970EAD6C2D3 /* ofxDatGuiTemplate.cpp */ = {isa = PBXFileReference; explicitFileType = sourcecode.cpp.cpp; fileEncoding = 30; name = ofxDatGuiTemplate.cpp; path = ../../../addons/ofxDatGui/src/templates/ofxDatGuiTemplate.cpp; sourceTree = SOURCE_ROOT; };
		A44717A8FE522A8D3A5A807F /* SketchBase.h */ = {isa = PBXFileReference; explicitFileType = sourcecode.c.h; fileEncoding = 30; name = SketchBase.h; path = src/fauxclick/SketchBase.h; sourceTree = SOURCE_ROOT; };
		A8793707281FD436C34316A5 /* RtMidi.h */ = {isa = PBXFileReference; explicitFileType = sourcecode.c.h; fileEncoding = 30; name = RtMidi.h; path = ../../../addons/ofxMidi/libs/rtmidi/RtMidi.h; sourceTree = SOURCE_ROOT; };
		A96B8F6D2ECF14F9304EBD6C /* ofxAubioBeat.cpp */ = {isa = PBXFileReference; explicitFileType = sourcecode.cpp.cpp; fileEncoding = 30; name = ofxAubioBeat.cpp; path = ../../../addons/ofxAubio/src/ofxAubioBeat.cpp; sourceTree = SOURCE_ROOT; };
		ABDEF0ACF05BF28F5C74E008 /* RtMidi.cpp */ = {isa = PBXFileReference; explicitFileType = sourcecode.cpp.cpp; fileEncoding = 30; name = RtMidi.cpp; path = ../../../addons/ofxMidi/libs/rtmidi/RtMidi.cpp; sourceTree = SOURCE_ROOT; };
		B76FA489151DBAF1616DF378 /* ofxMidiIn.h */ = {isa = PBXFileReference; explicitFileType = sourcecode.c.h; fileEncoding = 30; name = ofxMidiIn.h; path = ../../../addons/ofxMidi/src/ofxMidiIn.h; sourceTree = SOURCE_ROOT; };
		B87C60311EC1FE841C1ECD89 /* ofxLabel.h */ = {isa = PBXFileReference; explicitFileType = sourcecode.c.h; fileEncoding = 30; name = ofxLabel.h; path = ../../../addons/ofxGui/src/ofxLabel.h; sourceTree = SOURCE_ROOT; };
		BCC84C6EB3417706F4F762F0 /* ofxDatGuiComponent.h */ = {isa = PBXFileReference; explicitFileType = sourcecode.c.h; fileEncoding = 30; name = ofxDatGuiComponent.h; path = ../../../addons/ofxDatGui/src/core/ofxDatGuiComponent.h; sourceTree = SOURCE_ROOT; };
		BD0E7AC8BE205034D5B377A6 /* ofxMidiMessage.h */ = {isa = PBXFileReference; explicitFileType = sourcecode.c.h; fileEncoding = 30; name = ofxMidiMessage.h; path = ../../../addons/ofxMidi/src/ofxMidiMessage.h; sourceTree = SOURCE_ROOT; };
		C06D7702A496FC00BC5E272D /* Grid.h */ = {isa = PBXFileReference; explicitFileType = sourcecode.c.h; fileEncoding = 30; name = Grid.h; path = src/fauxclick/classes/Grid.h; sourceTree = SOURCE_ROOT; };
		C0702F5D1C16BD060007CC4A /* SketchManager.cpp */ = {isa = PBXFileReference; fileEncoding = 4; lastKnownFileType = sourcecode.cpp.cpp; name = SketchManager.cpp; path = fauxclick/classes/SketchManager.cpp; sourceTree = "<group>"; };
		C0702F5E1C16BD060007CC4A /* SketchManager.h */ = {isa = PBXFileReference; fileEncoding = 4; lastKnownFileType = sourcecode.c.h; name = SketchManager.h; path = fauxclick/classes/SketchManager.h; sourceTree = "<group>"; };
		C071062F1C1645E0000E7A62 /* WaveSketch.cpp */ = {isa = PBXFileReference; fileEncoding = 4; lastKnownFileType = sourcecode.cpp.cpp; name = WaveSketch.cpp; path = fauxclick/sketches/WaveSketch.cpp; sourceTree = "<group>"; };
		C07106301C1645E0000E7A62 /* WaveSketch.h */ = {isa = PBXFileReference; fileEncoding = 4; lastKnownFileType = sourcecode.c.h; name = WaveSketch.h; path = fauxclick/sketches/WaveSketch.h; sourceTree = "<group>"; };
		C085A33340AB0C1DB647AC2F /* ofxDatGuiTextInput.h */ = {isa = PBXFileReference; explicitFileType = sourcecode.c.h; fileEncoding = 30; name = ofxDatGuiTextInput.h; path = ../../../addons/ofxDatGui/src/components/ofxDatGuiTextInput.h; sourceTree = SOURCE_ROOT; };
		C093D07D1C1633C7007F2C2F /* aubio.framework */ = {isa = PBXFileReference; lastKnownFileType = wrapper.framework; path = aubio.framework; sourceTree = "<group>"; };
		C0E7EDA67EDF213FC0E83D17 /* ofxMidiMessage.cpp */ = {isa = PBXFileReference; explicitFileType = sourcecode.cpp.cpp; fileEncoding = 30; name = ofxMidiMessage.cpp; path = ../../../addons/ofxMidi/src/ofxMidiMessage.cpp; sourceTree = SOURCE_ROOT; };
		C0F57D6E7ABC67D0CF3FF8D6 /* FlashSketch.h */ = {isa = PBXFileReference; explicitFileType = sourcecode.c.h; fileEncoding = 30; name = FlashSketch.h; path = src/fauxclick/sketches/FlashSketch.h; sourceTree = SOURCE_ROOT; };
		C0FB85D61C18A01D002E4849 /* CubeSketch.cpp */ = {isa = PBXFileReference; fileEncoding = 4; lastKnownFileType = sourcecode.cpp.cpp; name = CubeSketch.cpp; path = fauxclick/sketches/CubeSketch.cpp; sourceTree = "<group>"; };
		C0FB85D71C18A01D002E4849 /* CubeSketch.h */ = {isa = PBXFileReference; fileEncoding = 4; lastKnownFileType = sourcecode.c.h; name = CubeSketch.h; path = fauxclick/sketches/CubeSketch.h; sourceTree = "<group>"; };
		C0FB85DC1C18C25B002E4849 /* ofxPostGlitch.cpp */ = {isa = PBXFileReference; lastKnownFileType = sourcecode.cpp.cpp; path = ofxPostGlitch.cpp; sourceTree = "<group>"; };
		C0FB85DD1C18C25B002E4849 /* ofxPostGlitch.h */ = {isa = PBXFileReference; lastKnownFileType = sourcecode.c.h; path = ofxPostGlitch.h; sourceTree = "<group>"; };
		C0FB85DF1C18DB52002E4849 /* EinsteinSketch.cpp */ = {isa = PBXFileReference; fileEncoding = 4; lastKnownFileType = sourcecode.cpp.cpp; name = EinsteinSketch.cpp; path = fauxclick/sketches/EinsteinSketch.cpp; sourceTree = "<group>"; };
		C0FB85E01C18DB52002E4849 /* EinsteinSketch.h */ = {isa = PBXFileReference; fileEncoding = 4; lastKnownFileType = sourcecode.c.h; name = EinsteinSketch.h; path = fauxclick/sketches/EinsteinSketch.h; sourceTree = "<group>"; };
		C6CE2A751623518B26D7D22D /* TriangleSketch.h */ = {isa = PBXFileReference; explicitFileType = sourcecode.c.h; fileEncoding = 30; name = TriangleSketch.h; path = src/fauxclick/sketches/TriangleSketch.h; sourceTree = SOURCE_ROOT; };
		C70D8946940288799E82131E /* ofxSliderGroup.h */ = {isa = PBXFileReference; explicitFileType = sourcecode.c.h; fileEncoding = 30; name = ofxSliderGroup.h; path = ../../../addons/ofxGui/src/ofxSliderGroup.h; sourceTree = SOURCE_ROOT; };
		C84ED7FCC017328C6F58283D /* ofxDatGuiColorPicker.h */ = {isa = PBXFileReference; explicitFileType = sourcecode.c.h; fileEncoding = 30; name = ofxDatGuiColorPicker.h; path = ../../../addons/ofxDatGui/src/components/ofxDatGuiColorPicker.h; sourceTree = SOURCE_ROOT; };
		C88333E71C9457E441C33474 /* ofxButton.cpp */ = {isa = PBXFileReference; explicitFileType = sourcecode.cpp.cpp; fileEncoding = 30; name = ofxButton.cpp; path = ../../../addons/ofxGui/src/ofxButton.cpp; sourceTree = SOURCE_ROOT; };
		CCCA2C3AFF8859F450A3C196 /* TrippyLinesSketch.h */ = {isa = PBXFileReference; explicitFileType = sourcecode.c.h; fileEncoding = 30; name = TrippyLinesSketch.h; path = src/fauxclick/sketches/TrippyLinesSketch.h; sourceTree = SOURCE_ROOT; };
		CDF7278CB636137FE7BF91A5 /* ofxDatGuiMatrix.h */ = {isa = PBXFileReference; explicitFileType = sourcecode.c.h; fileEncoding = 30; name = ofxDatGuiMatrix.h; path = ../../../addons/ofxDatGui/src/components/ofxDatGuiMatrix.h; sourceTree = SOURCE_ROOT; };
		D0D6A66BEBA820EA1D396889 /* ofxDatGuiSlider.h */ = {isa = PBXFileReference; explicitFileType = sourcecode.c.h; fileEncoding = 30; name = ofxDatGuiSlider.h; path = ../../../addons/ofxDatGui/src/components/ofxDatGuiSlider.h; sourceTree = SOURCE_ROOT; };
		D58DCB2C0AEFDE6171E29540 /* Syphon.framework */ = {isa = PBXFileReference; lastKnownFileType = wrapper.framework; name = Syphon.framework; path = ../../../addons/ofxSyphon/libs/Syphon/lib/osx/Syphon.framework; sourceTree = "<group>"; };
		D6680B96E22A75CD65CF3606 /* TriangleSketch.cpp */ = {isa = PBXFileReference; explicitFileType = sourcecode.cpp.cpp; fileEncoding = 30; name = TriangleSketch.cpp; path = src/fauxclick/sketches/TriangleSketch.cpp; sourceTree = SOURCE_ROOT; };
		E100ED9DCB412957A879CD5A /* ofxDatGuiControls.h */ = {isa = PBXFileReference; explicitFileType = sourcecode.c.h; fileEncoding = 30; name = ofxDatGuiControls.h; path = ../../../addons/ofxDatGui/src/components/ofxDatGuiControls.h; sourceTree = SOURCE_ROOT; };
		E112B3AEBEA2C091BF2B40AE /* ofxPanel.cpp */ = {isa = PBXFileReference; explicitFileType = sourcecode.cpp.cpp; fileEncoding = 30; name = ofxPanel.cpp; path = ../../../addons/ofxGui/src/ofxPanel.cpp; sourceTree = SOURCE_ROOT; };
		E16BB73D19DD0713FDCC7986 /* ofxMidiTypes.h */ = {isa = PBXFileReference; explicitFileType = sourcecode.c.h; fileEncoding = 30; name = ofxMidiTypes.h; path = ../../../addons/ofxMidi/src/ofxMidiTypes.h; sourceTree = SOURCE_ROOT; };
		E238CCDE032640E0FEBFAD82 /* ofxMidi.cpp */ = {isa = PBXFileReference; explicitFileType = sourcecode.cpp.cpp; fileEncoding = 30; name = ofxMidi.cpp; path = ../../../addons/ofxMidi/src/ofxMidi.cpp; sourceTree = SOURCE_ROOT; };
		E3405C5AE387BDDC2AD19473 /* SyphonNameboundClient.m */ = {isa = PBXFileReference; explicitFileType = sourcecode.cpp.objcpp; fileEncoding = 30; name = SyphonNameboundClient.m; path = ../../../addons/ofxSyphon/libs/Syphon/src/SyphonNameboundClient.m; sourceTree = SOURCE_ROOT; };
		E4328143138ABC890047C5CB /* openFrameworksLib.xcodeproj */ = {isa = PBXFileReference; lastKnownFileType = "wrapper.pb-project"; name = openFrameworksLib.xcodeproj; path = ../../../libs/openFrameworksCompiled/project/osx/openFrameworksLib.xcodeproj; sourceTree = SOURCE_ROOT; };
		E4B69B5B0A3A1756003C02F2 /* fauxclick-woodscapeDebug.app */ = {isa = PBXFileReference; explicitFileType = wrapper.application; includeInIndex = 0; path = "fauxclick-woodscapeDebug.app"; sourceTree = BUILT_PRODUCTS_DIR; };
		E4B69E1D0A3A1BDC003C02F2 /* main.cpp */ = {isa = PBXFileReference; fileEncoding = 30; lastKnownFileType = sourcecode.cpp.cpp; name = main.cpp; path = src/main.cpp; sourceTree = SOURCE_ROOT; };
		E4B69E1E0A3A1BDC003C02F2 /* ofApp.cpp */ = {isa = PBXFileReference; explicitFileType = sourcecode.cpp.cpp; fileEncoding = 30; name = ofApp.cpp; path = src/ofApp.cpp; sourceTree = SOURCE_ROOT; };
		E4B69E1F0A3A1BDC003C02F2 /* ofApp.h */ = {isa = PBXFileReference; fileEncoding = 30; lastKnownFileType = sourcecode.c.h; name = ofApp.h; path = src/ofApp.h; sourceTree = SOURCE_ROOT; };
		E4B6FCAD0C3E899E008CF71C /* openFrameworks-Info.plist */ = {isa = PBXFileReference; fileEncoding = 30; lastKnownFileType = text.plist.xml; path = "openFrameworks-Info.plist"; sourceTree = "<group>"; };
		E4EB691F138AFCF100A09F29 /* CoreOF.xcconfig */ = {isa = PBXFileReference; fileEncoding = 4; lastKnownFileType = text.xcconfig; name = CoreOF.xcconfig; path = ../../../libs/openFrameworksCompiled/project/osx/CoreOF.xcconfig; sourceTree = SOURCE_ROOT; };
		E4EB6923138AFD0F00A09F29 /* Project.xcconfig */ = {isa = PBXFileReference; fileEncoding = 4; lastKnownFileType = text.xcconfig; path = Project.xcconfig; sourceTree = "<group>"; };
		E6C687AA79F145165EF64E4B /* ofxAubioBeat.h */ = {isa = PBXFileReference; explicitFileType = sourcecode.c.h; fileEncoding = 30; name = ofxAubioBeat.h; path = ../../../addons/ofxAubio/src/ofxAubioBeat.h; sourceTree = SOURCE_ROOT; };
		E723BEF4C55D236E24639608 /* ofxSyphonServerDirectory.mm */ = {isa = PBXFileReference; explicitFileType = sourcecode.cpp.objcpp; fileEncoding = 30; name = ofxSyphonServerDirectory.mm; path = ../../../addons/ofxSyphon/src/ofxSyphonServerDirectory.mm; sourceTree = SOURCE_ROOT; };
		ECF8674C7975F1063C5E30CA /* ofxGuiGroup.cpp */ = {isa = PBXFileReference; explicitFileType = sourcecode.cpp.cpp; fileEncoding = 30; name = ofxGuiGroup.cpp; path = ../../../addons/ofxGui/src/ofxGuiGroup.cpp; sourceTree = SOURCE_ROOT; };
		F59384ED57A7C6A7A8B0351D /* ofxDatGuiEvents.h */ = {isa = PBXFileReference; explicitFileType = sourcecode.c.h; fileEncoding = 30; name = ofxDatGuiEvents.h; path = ../../../addons/ofxDatGui/src/core/ofxDatGuiEvents.h; sourceTree = SOURCE_ROOT; };
		F634AA6CA2E3C60F3B87B59A /* ofxRtMidiIn.cpp */ = {isa = PBXFileReference; explicitFileType = sourcecode.cpp.cpp; fileEncoding = 30; name = ofxRtMidiIn.cpp; path = ../../../addons/ofxMidi/src/desktop/ofxRtMidiIn.cpp; sourceTree = SOURCE_ROOT; };
		FDA86F4C2F1F1964D35391C6 /* ofxDatGuiButton.h */ = {isa = PBXFileReference; explicitFileType = sourcecode.c.h; fileEncoding = 30; name = ofxDatGuiButton.h; path = ../../../addons/ofxDatGui/src/components/ofxDatGuiButton.h; sourceTree = SOURCE_ROOT; };
		FDFB7365D884709C1BEE7B65 /* VolumeHistorySketch.cpp */ = {isa = PBXFileReference; explicitFileType = sourcecode.cpp.cpp; fileEncoding = 30; name = VolumeHistorySketch.cpp; path = src/fauxclick/sketches/VolumeHistorySketch.cpp; sourceTree = SOURCE_ROOT; };
		FEE07A8E048102DF5B1EE451 /* ParameterWindow.cpp */ = {isa = PBXFileReference; explicitFileType = sourcecode.cpp.cpp; fileEncoding = 30; name = ParameterWindow.cpp; path = src/fauxclick/classes/ParameterWindow.cpp; sourceTree = SOURCE_ROOT; };
/* End PBXFileReference section */

/* Begin PBXFrameworksBuildPhase section */
		E4B69B590A3A1756003C02F2 /* Frameworks */ = {
			isa = PBXFrameworksBuildPhase;
			buildActionMask = 2147483647;
			files = (
				E4328149138ABC9F0047C5CB /* openFrameworksDebug.a in Frameworks */,
				631702104AFC104323A9EB79 /* CoreMIDI.framework in Frameworks */,
				E1A3FD40C8BCD507345F1126 /* Syphon.framework in Frameworks */,
				C093D07E1C1633C7007F2C2F /* aubio.framework in Frameworks */,
			);
			runOnlyForDeploymentPostprocessing = 0;
		};
/* End PBXFrameworksBuildPhase section */

/* Begin PBXGroup section */
		05209E28971360FB8157F134 /* fauxclick */ = {
			isa = PBXGroup;
			children = (
				A499F19DF7B3A3E44398763B /* classes */,
				A44717A8FE522A8D3A5A807F /* SketchBase.h */,
				A81E47D696061DB3B2DBD05D /* sketches */,
			);
			name = fauxclick;
			sourceTree = "<group>";
		};
		2317994671CD76BBA16927B8 /* libs */ = {
			isa = PBXGroup;
			children = (
				65F3085962B3A8825746C3C2 /* Syphon */,
			);
			name = libs;
			sourceTree = "<group>";
		};
		2413C01760B1811BED0F502D /* ofxMidi */ = {
			isa = PBXGroup;
			children = (
				9CBF51184BE294FD9D73043F /* src */,
				5A08CCDC8D19E7162DE57128 /* libs */,
				36D7EC7EF50E326EAC88A0AD /* frameworks */,
			);
			name = ofxMidi;
			sourceTree = "<group>";
		};
		280462C1CECEF18AAECE92DE /* src */ = {
			isa = PBXGroup;
			children = (
				3B6AFA97F893CE28547CFCDC /* ofxAubio.h */,
				A96B8F6D2ECF14F9304EBD6C /* ofxAubioBeat.cpp */,
				E6C687AA79F145165EF64E4B /* ofxAubioBeat.h */,
				737C0C27DB7B0C9484DCEBAE /* ofxAubioBlock.cpp */,
				4B17A983E507AB0B3F71A2D6 /* ofxAubioBlock.h */,
				776A1553D592FD9AA388C543 /* ofxAubioMelBands.cpp */,
				238BB8FC8860C7A7012B2E27 /* ofxAubioMelBands.h */,
				8A90A4B17BBB4CB627CA22C4 /* ofxAubioOnset.cpp */,
				0984191B2003C1E86CF4C57A /* ofxAubioOnset.h */,
				93CAC8A94359FD331BAD8CFA /* ofxAubioPitch.cpp */,
				9D2C29B96659EBB7A0C5672F /* ofxAubioPitch.h */,
			);
			name = src;
			sourceTree = "<group>";
		};
		36D7EC7EF50E326EAC88A0AD /* frameworks */ = {
			isa = PBXGroup;
			children = (
				81AC32CCCB56FAABA3E1BDE0 /* CoreMIDI.framework */,
			);
			name = frameworks;
			sourceTree = "<group>";
		};
		398D2AD7D162CE13BF40CD4F /* lib */ = {
			isa = PBXGroup;
			children = (
				821159A073ABA066739FD401 /* osx */,
			);
			name = lib;
			sourceTree = "<group>";
		};
		45F483ED4E877932C7BBCF8A /* templates */ = {
			isa = PBXGroup;
			children = (
				A09D5353E55C9970EAD6C2D3 /* ofxDatGuiTemplate.cpp */,
				2EAB9F2B065B73DB1934AA51 /* ofxDatGuiTemplate.h */,
				318E7B99B75AD35356835BE9 /* ofxDatGuiTemplates.h */,
			);
			name = templates;
			sourceTree = "<group>";
		};
		480A780D8D0308AE4A368801 /* ofxGui */ = {
			isa = PBXGroup;
			children = (
				A763ED608B35AE3310251DEE /* src */,
			);
			name = ofxGui;
			sourceTree = "<group>";
		};
		49A9E39C52C2DF4DDA1E185F /* src */ = {
			isa = PBXGroup;
			children = (
				0FB83AC7747296DD35C1C295 /* ofxSyphon.h */,
				01FAC3552E00C3620035EA2F /* ofxSyphonClient.h */,
				03EA4DA95B5E1B8409FC058E /* ofxSyphonClient.mm */,
				46BBCC26D60B589958BF0D03 /* ofxSyphonServer.h */,
				32D6F27DC6308427F9A278C1 /* ofxSyphonServer.mm */,
				337B812806A0E7D26A029E5A /* ofxSyphonServerDirectory.h */,
				E723BEF4C55D236E24639608 /* ofxSyphonServerDirectory.mm */,
			);
			name = src;
			sourceTree = "<group>";
		};
		50EAFB5FF7C5722E7B4895C7 /* src */ = {
			isa = PBXGroup;
			children = (
				71FFD50EA75BCC76F0C58D12 /* SyphonNameboundClient.h */,
				E3405C5AE387BDDC2AD19473 /* SyphonNameboundClient.m */,
			);
			name = src;
			sourceTree = "<group>";
		};
		5A08CCDC8D19E7162DE57128 /* libs */ = {
			isa = PBXGroup;
			children = (
				945CEFADFB0DF400A92A507C /* rtmidi */,
			);
			name = libs;
			sourceTree = "<group>";
		};
		65F3085962B3A8825746C3C2 /* Syphon */ = {
			isa = PBXGroup;
			children = (
				50EAFB5FF7C5722E7B4895C7 /* src */,
				398D2AD7D162CE13BF40CD4F /* lib */,
			);
			name = Syphon;
			sourceTree = "<group>";
		};
		6948EE371B920CB800B5AC1A /* local_addons */ = {
			isa = PBXGroup;
			children = (
			);
			name = local_addons;
			sourceTree = "<group>";
		};
		7F3C04577424427D348B1425 /* ofxSyphon */ = {
			isa = PBXGroup;
			children = (
				49A9E39C52C2DF4DDA1E185F /* src */,
				2317994671CD76BBA16927B8 /* libs */,
			);
			name = ofxSyphon;
			sourceTree = "<group>";
		};
		821159A073ABA066739FD401 /* osx */ = {
			isa = PBXGroup;
			children = (
				D58DCB2C0AEFDE6171E29540 /* Syphon.framework */,
			);
			name = osx;
			sourceTree = "<group>";
		};
		8870759BC9CAEA1E4E9EA3A8 /* core */ = {
			isa = PBXGroup;
			children = (
				1A3E3B8F332A1A3C7EDF4998 /* ofxDatGuiComponent.cpp */,
				BCC84C6EB3417706F4F762F0 /* ofxDatGuiComponent.h */,
				9B5051062C6A871714E6F5F4 /* ofxDatGuiConstants.h */,
				F59384ED57A7C6A7A8B0351D /* ofxDatGuiEvents.h */,
				83943E95749F8B4D393D4F7E /* ofxDatGuiFont.h */,
				422C4E1AAC7EC4D30B17702D /* ofxDatGuiIntObject.h */,
			);
			name = core;
			sourceTree = "<group>";
		};
		93621CC75EED5D310C6ADC19 /* ofxAubio */ = {
			isa = PBXGroup;
			children = (
				280462C1CECEF18AAECE92DE /* src */,
			);
			name = ofxAubio;
			sourceTree = "<group>";
		};
		945CEFADFB0DF400A92A507C /* rtmidi */ = {
			isa = PBXGroup;
			children = (
				ABDEF0ACF05BF28F5C74E008 /* RtMidi.cpp */,
				A8793707281FD436C34316A5 /* RtMidi.h */,
			);
			name = rtmidi;
			sourceTree = "<group>";
		};
		947FCD1248D8B0A16B53C1AA /* components */ = {
			isa = PBXGroup;
			children = (
				902724601B82C6AD81BBCD71 /* ofxDatGui2dPad.h */,
				FDA86F4C2F1F1964D35391C6 /* ofxDatGuiButton.h */,
				C84ED7FCC017328C6F58283D /* ofxDatGuiColorPicker.h */,
				E100ED9DCB412957A879CD5A /* ofxDatGuiControls.h */,
				64C563B8158C37E9D07AE29D /* ofxDatGuiFRM.h */,
				744031A3E8F8DAF9FE6F3EA8 /* ofxDatGuiGroups.h */,
				787315438BF1DD00C81DF413 /* ofxDatGuiLabel.h */,
				CDF7278CB636137FE7BF91A5 /* ofxDatGuiMatrix.h */,
				D0D6A66BEBA820EA1D396889 /* ofxDatGuiSlider.h */,
				C085A33340AB0C1DB647AC2F /* ofxDatGuiTextInput.h */,
				04C339FF9ADCF05DF2DA62A3 /* ofxDatGuiTextInputField.h */,
				0A42C807BEF3A18E8E105A3B /* ofxDatGuiTimeGraph.h */,
			);
			name = components;
			sourceTree = "<group>";
		};
		99DED6A5D3EDE030B1A80348 /* desktop */ = {
			isa = PBXGroup;
			children = (
				F634AA6CA2E3C60F3B87B59A /* ofxRtMidiIn.cpp */,
				208298154B11456DCD0BE131 /* ofxRtMidiIn.h */,
				712B183BC00EBFFB1EEA5AB8 /* ofxRtMidiOut.cpp */,
				470CF04F1D4D1B38D5AA1797 /* ofxRtMidiOut.h */,
			);
			name = desktop;
			sourceTree = "<group>";
		};
		9CBF51184BE294FD9D73043F /* src */ = {
			isa = PBXGroup;
			children = (
				99DED6A5D3EDE030B1A80348 /* desktop */,
				94B3C3C21F92F9310CA90986 /* ofxBaseMidi.cpp */,
				4310BEFDE24FF04FEBEE8086 /* ofxBaseMidi.h */,
				E238CCDE032640E0FEBFAD82 /* ofxMidi.cpp */,
				05F6CF127D4A621113D4A62F /* ofxMidi.h */,
				938214A2795AA8FED29086DB /* ofxMidiConstants.h */,
				3DD359247F3ED1550D8BB5C9 /* ofxMidiIn.cpp */,
				B76FA489151DBAF1616DF378 /* ofxMidiIn.h */,
				C0E7EDA67EDF213FC0E83D17 /* ofxMidiMessage.cpp */,
				BD0E7AC8BE205034D5B377A6 /* ofxMidiMessage.h */,
				04F77E5C73A62E2E77C78EC6 /* ofxMidiOut.cpp */,
				81436E53CC4A77E326F659C3 /* ofxMidiOut.h */,
				E16BB73D19DD0713FDCC7986 /* ofxMidiTypes.h */,
			);
			name = src;
			sourceTree = "<group>";
		};
		A499F19DF7B3A3E44398763B /* classes */ = {
			isa = PBXGroup;
			children = (
				3B2109163FBFB935DA7EE14F /* AudioManager.cpp */,
				390CB9520E90DD0E636317B8 /* AudioManager.h */,
				2A6EB442934951591546348A /* Grid.cpp */,
				C06D7702A496FC00BC5E272D /* Grid.h */,
				392C43761C18C33D00CBD622 /* Particle.cpp */,
				392C43771C18C33D00CBD622 /* Particle.h */,
				FEE07A8E048102DF5B1EE451 /* ParameterWindow.cpp */,
				5EF5FA882A66C885D5315355 /* ParameterWindow.h */,
				C0702F5D1C16BD060007CC4A /* SketchManager.cpp */,
				C0702F5E1C16BD060007CC4A /* SketchManager.h */,
			);
			name = classes;
			sourceTree = "<group>";
		};
		A763ED608B35AE3310251DEE /* src */ = {
			isa = PBXGroup;
			children = (
				9604B925D32EE39065747725 /* ofxBaseGui.cpp */,
				87F26B4B24CBD428AD9EEBAA /* ofxBaseGui.h */,
				C88333E71C9457E441C33474 /* ofxButton.cpp */,
				2834D88A62CD23F3DE2C47D1 /* ofxButton.h */,
				17E65988300FBD9AAA2CD0CA /* ofxGui.h */,
				ECF8674C7975F1063C5E30CA /* ofxGuiGroup.cpp */,
				1C0DA2561397A7DE0246858B /* ofxGuiGroup.h */,
				78D67A00EB899FAC09430597 /* ofxLabel.cpp */,
				B87C60311EC1FE841C1ECD89 /* ofxLabel.h */,
				E112B3AEBEA2C091BF2B40AE /* ofxPanel.cpp */,
				89449E3044D456F7DE7BEA14 /* ofxPanel.h */,
				15F2C6477A769C03A56D1401 /* ofxSlider.cpp */,
				52AFA1F08C420992CAAAE648 /* ofxSlider.h */,
				802251BAF1B35B1D67B32FD0 /* ofxSliderGroup.cpp */,
				C70D8946940288799E82131E /* ofxSliderGroup.h */,
				907C5B5E104864A2D3A25745 /* ofxToggle.cpp */,
				0A1DAC09F322AE313A40706D /* ofxToggle.h */,
			);
			name = src;
			sourceTree = "<group>";
		};
		A81E47D696061DB3B2DBD05D /* sketches */ = {
			isa = PBXGroup;
			children = (
				C0FB85D61C18A01D002E4849 /* CubeSketch.cpp */,
				C0FB85D71C18A01D002E4849 /* CubeSketch.h */,
				C0FB85DF1C18DB52002E4849 /* EinsteinSketch.cpp */,
				C0FB85E01C18DB52002E4849 /* EinsteinSketch.h */,
				60876AEDDD12B0287DBA167B /* FlashSketch.cpp */,
				C0F57D6E7ABC67D0CF3FF8D6 /* FlashSketch.h */,
				7D73200D771F5A08E13D5560 /* PulseSketch.cpp */,
				6360E94854ACBD233E78A478 /* PulseSketch.h */,
				4C55CDD734A257453F8E52F4 /* SoundwaveSketch.cpp */,
				754A4D1E58F88E3C0536CE98 /* SoundwaveSketch.h */,
				1970BCEA9EF8DE98660F9B6F /* TrippyLinesSketch.cpp */,
				CCCA2C3AFF8859F450A3C196 /* TrippyLinesSketch.h */,
				D6680B96E22A75CD65CF3606 /* TriangleSketch.cpp */,
				C6CE2A751623518B26D7D22D /* TriangleSketch.h */,
				FDFB7365D884709C1BEE7B65 /* VolumeHistorySketch.cpp */,
				5EE8E59E85F22B8200AD124D /* VolumeHistorySketch.h */,
				C071062F1C1645E0000E7A62 /* WaveSketch.cpp */,
				C07106301C1645E0000E7A62 /* WaveSketch.h */,
				397B870B1C177E39006FA0C1 /* CubeSketch.cpp */,
				397B870C1C177E39006FA0C1 /* CubeSketch.h */,
				392C43731C18BDAE00CBD622 /* BoidSketch.cpp */,
				392C43741C18BDAE00CBD622 /* BoidSketch.h */,
			);
			name = sketches;
			sourceTree = "<group>";
		};
		BB4B014C10F69532006C3DED /* addons */ = {
			isa = PBXGroup;
			children = (
				93621CC75EED5D310C6ADC19 /* ofxAubio */,
				D8DD1043C333F6F63C8685E6 /* ofxDatGui */,
				480A780D8D0308AE4A368801 /* ofxGui */,
				2413C01760B1811BED0F502D /* ofxMidi */,
				7F3C04577424427D348B1425 /* ofxSyphon */,
				C0FB85DA1C18C25B002E4849 /* ofxPostGlitch */,
			);
			name = addons;
			sourceTree = "<group>";
		};
		C0FB85DA1C18C25B002E4849 /* ofxPostGlitch */ = {
			isa = PBXGroup;
			children = (
				C0FB85DB1C18C25B002E4849 /* src */,
			);
			name = ofxPostGlitch;
			sourceTree = "<group>";
		};
		C0FB85DB1C18C25B002E4849 /* src */ = {
			isa = PBXGroup;
			children = (
				C0FB85DC1C18C25B002E4849 /* ofxPostGlitch.cpp */,
				C0FB85DD1C18C25B002E4849 /* ofxPostGlitch.h */,
			);
			name = src;
			path = ../../../addons/ofxPostGlitch/src;
			sourceTree = "<group>";
		};
		D8DD1043C333F6F63C8685E6 /* ofxDatGui */ = {
			isa = PBXGroup;
			children = (
				E9B32C117486580389FAFF01 /* src */,
			);
			name = ofxDatGui;
			sourceTree = "<group>";
		};
		E4328144138ABC890047C5CB /* Products */ = {
			isa = PBXGroup;
			children = (
				E4328148138ABC890047C5CB /* openFrameworksDebug.a */,
			);
			name = Products;
			sourceTree = "<group>";
		};
		E4B69B4A0A3A1720003C02F2 = {
			isa = PBXGroup;
			children = (
				E4B6FCAD0C3E899E008CF71C /* openFrameworks-Info.plist */,
				E4EB6923138AFD0F00A09F29 /* Project.xcconfig */,
				E4B69E1C0A3A1BDC003C02F2 /* src */,
				E4EEC9E9138DF44700A80321 /* openFrameworks */,
				BB4B014C10F69532006C3DED /* addons */,
				6948EE371B920CB800B5AC1A /* local_addons */,
				E4B69B5B0A3A1756003C02F2 /* fauxclick-woodscapeDebug.app */,
				C093D07D1C1633C7007F2C2F /* aubio.framework */,
			);
			sourceTree = "<group>";
		};
		E4B69E1C0A3A1BDC003C02F2 /* src */ = {
			isa = PBXGroup;
			children = (
				E4B69E1D0A3A1BDC003C02F2 /* main.cpp */,
				E4B69E1E0A3A1BDC003C02F2 /* ofApp.cpp */,
				E4B69E1F0A3A1BDC003C02F2 /* ofApp.h */,
				05209E28971360FB8157F134 /* fauxclick */,
			);
			path = src;
			sourceTree = SOURCE_ROOT;
		};
		E4EEC9E9138DF44700A80321 /* openFrameworks */ = {
			isa = PBXGroup;
			children = (
				E4EB691F138AFCF100A09F29 /* CoreOF.xcconfig */,
				E4328143138ABC890047C5CB /* openFrameworksLib.xcodeproj */,
			);
			name = openFrameworks;
			sourceTree = "<group>";
		};
		E9B32C117486580389FAFF01 /* src */ = {
			isa = PBXGroup;
			children = (
				947FCD1248D8B0A16B53C1AA /* components */,
				8870759BC9CAEA1E4E9EA3A8 /* core */,
				26490D7CC31EF7D6ED5F925A /* ofxDatGui.cpp */,
				9705D66270ED89ECA6E6FECE /* ofxDatGui.h */,
				45F483ED4E877932C7BBCF8A /* templates */,
			);
			name = src;
			sourceTree = "<group>";
		};
/* End PBXGroup section */

/* Begin PBXNativeTarget section */
		E4B69B5A0A3A1756003C02F2 /* fauxclick-woodscape */ = {
			isa = PBXNativeTarget;
			buildConfigurationList = E4B69B5F0A3A1757003C02F2 /* Build configuration list for PBXNativeTarget "fauxclick-woodscape" */;
			buildPhases = (
				E4B69B580A3A1756003C02F2 /* Sources */,
				E4B69B590A3A1756003C02F2 /* Frameworks */,
				E4B6FFFD0C3F9AB9008CF71C /* ShellScript */,
				E4C2427710CC5ABF004149E2 /* CopyFiles */,
			);
			buildRules = (
			);
			dependencies = (
				E4EEB9AC138B136A00A80321 /* PBXTargetDependency */,
			);
			name = "fauxclick-woodscape";
			productName = myOFApp;
			productReference = E4B69B5B0A3A1756003C02F2 /* fauxclick-woodscapeDebug.app */;
			productType = "com.apple.product-type.application";
		};
/* End PBXNativeTarget section */

/* Begin PBXProject section */
		E4B69B4C0A3A1720003C02F2 /* Project object */ = {
			isa = PBXProject;
			attributes = {
				LastUpgradeCheck = 0600;
			};
			buildConfigurationList = E4B69B4D0A3A1720003C02F2 /* Build configuration list for PBXProject "fauxclick-woodscape" */;
			compatibilityVersion = "Xcode 3.2";
			developmentRegion = English;
			hasScannedForEncodings = 0;
			knownRegions = (
				English,
				Japanese,
				French,
				German,
			);
			mainGroup = E4B69B4A0A3A1720003C02F2;
			productRefGroup = E4B69B4A0A3A1720003C02F2;
			projectDirPath = "";
			projectReferences = (
				{
					ProductGroup = E4328144138ABC890047C5CB /* Products */;
					ProjectRef = E4328143138ABC890047C5CB /* openFrameworksLib.xcodeproj */;
				},
			);
			projectRoot = "";
			targets = (
				E4B69B5A0A3A1756003C02F2 /* fauxclick-woodscape */,
			);
		};
/* End PBXProject section */

/* Begin PBXReferenceProxy section */
		E4328148138ABC890047C5CB /* openFrameworksDebug.a */ = {
			isa = PBXReferenceProxy;
			fileType = archive.ar;
			path = openFrameworksDebug.a;
			remoteRef = E4328147138ABC890047C5CB /* PBXContainerItemProxy */;
			sourceTree = BUILT_PRODUCTS_DIR;
		};
/* End PBXReferenceProxy section */

/* Begin PBXShellScriptBuildPhase section */
		E4B6FFFD0C3F9AB9008CF71C /* ShellScript */ = {
			isa = PBXShellScriptBuildPhase;
			buildActionMask = 2147483647;
			files = (
			);
			inputPaths = (
			);
			outputPaths = (
			);
			runOnlyForDeploymentPostprocessing = 0;
			shellPath = /bin/sh;
			shellScript = "rsync -aved ../../../libs/fmodex/lib/osx/libfmodex.dylib \"$TARGET_BUILD_DIR/$PRODUCT_NAME.app/Contents/MacOS/\"; install_name_tool -change ./libfmodex.dylib @executable_path/libfmodex.dylib \"$TARGET_BUILD_DIR/$PRODUCT_NAME.app/Contents/MacOS/$PRODUCT_NAME\";\nmkdir -p \"$TARGET_BUILD_DIR/$PRODUCT_NAME.app/Contents/Resources/\"\nrsync -aved \"$ICON_FILE\" \"$TARGET_BUILD_DIR/$PRODUCT_NAME.app/Contents/Resources/\"\nrsync -aved ../../../libs/glut/lib/osx/GLUT.framework \"$TARGET_BUILD_DIR/$PRODUCT_NAME.app/Contents/Frameworks/\"\n";
		};
/* End PBXShellScriptBuildPhase section */

/* Begin PBXSourcesBuildPhase section */
		E4B69B580A3A1756003C02F2 /* Sources */ = {
			isa = PBXSourcesBuildPhase;
			buildActionMask = 2147483647;
			files = (
				E4B69E200A3A1BDC003C02F2 /* main.cpp in Sources */,
				392C43781C18C33D00CBD622 /* Particle.cpp in Sources */,
				392C43751C18BDAE00CBD622 /* BoidSketch.cpp in Sources */,
				E4B69E210A3A1BDC003C02F2 /* ofApp.cpp in Sources */,
				C07106311C1645E0000E7A62 /* WaveSketch.cpp in Sources */,
				C0702F5F1C16BD060007CC4A /* SketchManager.cpp in Sources */,
				C0FB85E11C18DB52002E4849 /* EinsteinSketch.cpp in Sources */,
				A413BB7E7147EDB2203702FA /* AudioManager.cpp in Sources */,
				0D2DAF6F9E42009D3BF3C6C2 /* Grid.cpp in Sources */,
				487EF70EE040D66B538A0BDB /* ParameterWindow.cpp in Sources */,
				DCB1F91F764D35903CFA538A /* FlashSketch.cpp in Sources */,
				91195718174C7479B1CE580B /* PulseSketch.cpp in Sources */,
				C0FB85DE1C18C25B002E4849 /* ofxPostGlitch.cpp in Sources */,
				FAF35839FD75A1A709AD14B2 /* SoundwaveSketch.cpp in Sources */,
				873C6A46EA3AB01A1D635C1C /* TrippyLinesSketch.cpp in Sources */,
				318E1A30E2B6DEA6221C4852 /* TriangleSketch.cpp in Sources */,
				1738F7885B5BB0AFE7195AE9 /* VolumeHistorySketch.cpp in Sources */,
				479DCA850DD8BB469A777AD4 /* ofxAubioBeat.cpp in Sources */,
				C0FB85D81C18A01D002E4849 /* CubeSketch.cpp in Sources */,
				C60077973A257D8F44947E2E /* ofxAubioBlock.cpp in Sources */,
				67383740F5CC47ED5F955A76 /* ofxAubioMelBands.cpp in Sources */,
				9C7B8B4D99CDFC508E76CC3A /* ofxAubioOnset.cpp in Sources */,
				101D2DB773940813A5C898CD /* ofxAubioPitch.cpp in Sources */,
				D3C1C48E59CAA2D68C0DD477 /* ofxDatGuiComponent.cpp in Sources */,
				C9466C434D1CF8AB968D298D /* ofxDatGui.cpp in Sources */,
				B35439E42C56728B59A413F2 /* ofxDatGuiTemplate.cpp in Sources */,
				856AA354D08AB4B323081444 /* ofxBaseGui.cpp in Sources */,
				5CBB2AB3A60F65431D7B555D /* ofxButton.cpp in Sources */,
				B266578FC55D23BFEBC042E7 /* ofxGuiGroup.cpp in Sources */,
				483908258D00B98B4BE69F07 /* ofxLabel.cpp in Sources */,
				F285EB3169F1566CA3D93C20 /* ofxPanel.cpp in Sources */,
				837220E80EB56CD44AD27F2A /* ofxSlider.cpp in Sources */,
				B56FE57CC35806596D38118C /* ofxSliderGroup.cpp in Sources */,
				1CD33E884D9E3358252E82A1 /* ofxToggle.cpp in Sources */,
				BCC8D420CBA9217E437D2D76 /* ofxRtMidiIn.cpp in Sources */,
				3AEFE4FA8AD5C72671AD07F8 /* ofxRtMidiOut.cpp in Sources */,
				1A86B7721CAEBC6F1C572C45 /* ofxBaseMidi.cpp in Sources */,
				63F9FE1D90234FA6DE6F509E /* ofxMidi.cpp in Sources */,
				0BFC9C20FD7E3C8D5873AA97 /* ofxMidiIn.cpp in Sources */,
				C6FE64F74F1EA1D98C8F9847 /* ofxMidiMessage.cpp in Sources */,
				83D9F930112E0944444124EE /* ofxMidiOut.cpp in Sources */,
				63D0FD8734D5760B8080C901 /* RtMidi.cpp in Sources */,
				1F558B76FB3412843DDAA031 /* ofxSyphonClient.mm in Sources */,
				8D60C222CBD3F869382832E9 /* ofxSyphonServer.mm in Sources */,
				11DF9AB1B4EAA63E3B190CA0 /* ofxSyphonServerDirectory.mm in Sources */,
				C9109422648B170B07A778CF /* SyphonNameboundClient.m in Sources */,
			);
			runOnlyForDeploymentPostprocessing = 0;
		};
/* End PBXSourcesBuildPhase section */

/* Begin PBXTargetDependency section */
		E4EEB9AC138B136A00A80321 /* PBXTargetDependency */ = {
			isa = PBXTargetDependency;
			name = openFrameworks;
			targetProxy = E4EEB9AB138B136A00A80321 /* PBXContainerItemProxy */;
		};
/* End PBXTargetDependency section */

/* Begin XCBuildConfiguration section */
		E4B69B4E0A3A1720003C02F2 /* Debug */ = {
			isa = XCBuildConfiguration;
			baseConfigurationReference = E4EB6923138AFD0F00A09F29 /* Project.xcconfig */;
			buildSettings = {
				CONFIGURATION_BUILD_DIR = "$(SRCROOT)/bin/";
				COPY_PHASE_STRIP = NO;
				DEAD_CODE_STRIPPING = YES;
				GCC_AUTO_VECTORIZATION = YES;
				GCC_ENABLE_SSE3_EXTENSIONS = YES;
				GCC_ENABLE_SUPPLEMENTAL_SSE3_INSTRUCTIONS = YES;
				GCC_INLINES_ARE_PRIVATE_EXTERN = NO;
				GCC_OPTIMIZATION_LEVEL = 0;
				GCC_SYMBOLS_PRIVATE_EXTERN = NO;
				GCC_WARN_ABOUT_DEPRECATED_FUNCTIONS = YES;
				GCC_WARN_ABOUT_INVALID_OFFSETOF_MACRO = NO;
				GCC_WARN_ALLOW_INCOMPLETE_PROTOCOL = NO;
				GCC_WARN_UNINITIALIZED_AUTOS = NO;
				GCC_WARN_UNUSED_VALUE = NO;
				GCC_WARN_UNUSED_VARIABLE = NO;
				HEADER_SEARCH_PATHS = (
					"$(OF_CORE_HEADERS)",
					src,
					src/fauxclick,
					src/fauxclick/classes,
					src/fauxclick/sketches,
					../../../addons/ofxAubio/src,
					../../../addons/ofxDatGui/src,
					../../../addons/ofxDatGui/src/components,
					../../../addons/ofxDatGui/src/core,
					../../../addons/ofxDatGui/src/templates,
					../../../addons/ofxGui/src,
					../../../addons/ofxMidi/libs,
					../../../addons/ofxMidi/libs/pgmidi,
					../../../addons/ofxMidi/libs/rtmidi,
					../../../addons/ofxMidi/src,
					../../../addons/ofxMidi/src/desktop,
					../../../addons/ofxMidi/src/ios,
					../../../addons/ofxSyphon/libs,
					../../../addons/ofxSyphon/libs/Syphon,
					../../../addons/ofxSyphon/libs/Syphon/lib,
					../../../addons/ofxSyphon/libs/Syphon/lib/osx,
					../../../addons/ofxSyphon/libs/Syphon/src,
					../../../addons/ofxSyphon/src,
				);
				MACOSX_DEPLOYMENT_TARGET = 10.8;
				ONLY_ACTIVE_ARCH = YES;
				OTHER_CPLUSPLUSFLAGS = (
					"-D__MACOSX_CORE__",
					"-mtune=native",
				);
				SDKROOT = macosx;
			};
			name = Debug;
		};
		E4B69B4F0A3A1720003C02F2 /* Release */ = {
			isa = XCBuildConfiguration;
			baseConfigurationReference = E4EB6923138AFD0F00A09F29 /* Project.xcconfig */;
			buildSettings = {
				CONFIGURATION_BUILD_DIR = "$(SRCROOT)/bin/";
				COPY_PHASE_STRIP = YES;
				DEAD_CODE_STRIPPING = YES;
				GCC_AUTO_VECTORIZATION = YES;
				GCC_ENABLE_SSE3_EXTENSIONS = YES;
				GCC_ENABLE_SUPPLEMENTAL_SSE3_INSTRUCTIONS = YES;
				GCC_INLINES_ARE_PRIVATE_EXTERN = NO;
				GCC_OPTIMIZATION_LEVEL = 3;
				GCC_SYMBOLS_PRIVATE_EXTERN = NO;
				GCC_UNROLL_LOOPS = YES;
				GCC_WARN_ABOUT_DEPRECATED_FUNCTIONS = YES;
				GCC_WARN_ABOUT_INVALID_OFFSETOF_MACRO = NO;
				GCC_WARN_ALLOW_INCOMPLETE_PROTOCOL = NO;
				GCC_WARN_UNINITIALIZED_AUTOS = NO;
				GCC_WARN_UNUSED_VALUE = NO;
				GCC_WARN_UNUSED_VARIABLE = NO;
				HEADER_SEARCH_PATHS = (
					"$(OF_CORE_HEADERS)",
					src,
					src/fauxclick,
					src/fauxclick/classes,
					src/fauxclick/sketches,
					../../../addons/ofxAubio/src,
					../../../addons/ofxDatGui/src,
					../../../addons/ofxDatGui/src/components,
					../../../addons/ofxDatGui/src/core,
					../../../addons/ofxDatGui/src/templates,
					../../../addons/ofxGui/src,
					../../../addons/ofxMidi/libs,
					../../../addons/ofxMidi/libs/pgmidi,
					../../../addons/ofxMidi/libs/rtmidi,
					../../../addons/ofxMidi/src,
					../../../addons/ofxMidi/src/desktop,
					../../../addons/ofxMidi/src/ios,
					../../../addons/ofxSyphon/libs,
					../../../addons/ofxSyphon/libs/Syphon,
					../../../addons/ofxSyphon/libs/Syphon/lib,
					../../../addons/ofxSyphon/libs/Syphon/lib/osx,
					../../../addons/ofxSyphon/libs/Syphon/src,
					../../../addons/ofxSyphon/src,
				);
				MACOSX_DEPLOYMENT_TARGET = 10.8;
				OTHER_CPLUSPLUSFLAGS = (
					"-D__MACOSX_CORE__",
					"-mtune=native",
				);
				SDKROOT = macosx;
			};
			name = Release;
		};
		E4B69B600A3A1757003C02F2 /* Debug */ = {
			isa = XCBuildConfiguration;
			baseConfigurationReference = E4EB6923138AFD0F00A09F29 /* Project.xcconfig */;
			buildSettings = {
				COMBINE_HIDPI_IMAGES = YES;
				COPY_PHASE_STRIP = NO;
				FRAMEWORK_SEARCH_PATHS = (
					"$(inherited)",
					"$(FRAMEWORK_SEARCH_PATHS_QUOTED_FOR_TARGET_1)",
					/System/Library/Frameworks,
					../../../addons/ofxSyphon/libs/Syphon/lib/osx,
					"$(PROJECT_DIR)",
				);
				FRAMEWORK_SEARCH_PATHS_QUOTED_FOR_TARGET_1 = "\"$(SRCROOT)/../../../libs/glut/lib/osx\"";
				GCC_DYNAMIC_NO_PIC = NO;
				GCC_GENERATE_DEBUGGING_SYMBOLS = YES;
				GCC_MODEL_TUNING = NONE;
				HEADER_SEARCH_PATHS = (
					"$(OF_CORE_HEADERS)",
					src,
					src/fauxclick,
					src/fauxclick/classes,
					src/fauxclick/sketches,
					../../../addons/ofxAubio/src,
					../../../addons/ofxDatGui/src,
					../../../addons/ofxDatGui/src/components,
					../../../addons/ofxDatGui/src/core,
					../../../addons/ofxDatGui/src/templates,
					../../../addons/ofxGui/src,
					../../../addons/ofxMidi/libs,
					../../../addons/ofxMidi/libs/pgmidi,
					../../../addons/ofxMidi/libs/rtmidi,
					../../../addons/ofxMidi/src,
					../../../addons/ofxMidi/src/desktop,
					../../../addons/ofxMidi/src/ios,
					../../../addons/ofxSyphon/libs,
					../../../addons/ofxSyphon/libs/Syphon,
					../../../addons/ofxSyphon/libs/Syphon/lib,
					../../../addons/ofxSyphon/libs/Syphon/lib/osx,
					../../../addons/ofxSyphon/libs/Syphon/src,
					../../../addons/ofxSyphon/src,
				);
				ICON = "$(ICON_NAME_DEBUG)";
				ICON_FILE = "$(ICON_FILE_PATH)$(ICON)";
				INFOPLIST_FILE = "openFrameworks-Info.plist";
				INSTALL_PATH = "$(HOME)/Applications";
				LIBRARY_SEARCH_PATHS = "$(inherited)";
				PRODUCT_NAME = "$(TARGET_NAME)Debug";
				USER_HEADER_SEARCH_PATHS = "";
				WRAPPER_EXTENSION = app;
			};
			name = Debug;
		};
		E4B69B610A3A1757003C02F2 /* Release */ = {
			isa = XCBuildConfiguration;
			baseConfigurationReference = E4EB6923138AFD0F00A09F29 /* Project.xcconfig */;
			buildSettings = {
				COMBINE_HIDPI_IMAGES = YES;
				COPY_PHASE_STRIP = YES;
				FRAMEWORK_SEARCH_PATHS = (
					"$(inherited)",
					"$(FRAMEWORK_SEARCH_PATHS_QUOTED_FOR_TARGET_1)",
					/System/Library/Frameworks,
					../../../addons/ofxSyphon/libs/Syphon/lib/osx,
					"$(PROJECT_DIR)",
				);
				FRAMEWORK_SEARCH_PATHS_QUOTED_FOR_TARGET_1 = "\"$(SRCROOT)/../../../libs/glut/lib/osx\"";
				GCC_GENERATE_DEBUGGING_SYMBOLS = YES;
				GCC_MODEL_TUNING = NONE;
				HEADER_SEARCH_PATHS = (
					"$(OF_CORE_HEADERS)",
					src,
					src/fauxclick,
					src/fauxclick/classes,
					src/fauxclick/sketches,
					../../../addons/ofxAubio/src,
					../../../addons/ofxDatGui/src,
					../../../addons/ofxDatGui/src/components,
					../../../addons/ofxDatGui/src/core,
					../../../addons/ofxDatGui/src/templates,
					../../../addons/ofxGui/src,
					../../../addons/ofxMidi/libs,
					../../../addons/ofxMidi/libs/pgmidi,
					../../../addons/ofxMidi/libs/rtmidi,
					../../../addons/ofxMidi/src,
					../../../addons/ofxMidi/src/desktop,
					../../../addons/ofxMidi/src/ios,
					../../../addons/ofxSyphon/libs,
					../../../addons/ofxSyphon/libs/Syphon,
					../../../addons/ofxSyphon/libs/Syphon/lib,
					../../../addons/ofxSyphon/libs/Syphon/lib/osx,
					../../../addons/ofxSyphon/libs/Syphon/src,
					../../../addons/ofxSyphon/src,
				);
				ICON = "$(ICON_NAME_RELEASE)";
				ICON_FILE = "$(ICON_FILE_PATH)$(ICON)";
				INFOPLIST_FILE = "openFrameworks-Info.plist";
				INSTALL_PATH = "$(HOME)/Applications";
				LIBRARY_SEARCH_PATHS = "$(inherited)";
				PRODUCT_NAME = "$(TARGET_NAME)";
				USER_HEADER_SEARCH_PATHS = "";
				WRAPPER_EXTENSION = app;
				baseConfigurationReference = E4EB6923138AFD0F00A09F29;
			};
			name = Release;
		};
/* End XCBuildConfiguration section */

/* Begin XCConfigurationList section */
		E4B69B4D0A3A1720003C02F2 /* Build configuration list for PBXProject "fauxclick-woodscape" */ = {
			isa = XCConfigurationList;
			buildConfigurations = (
				E4B69B4E0A3A1720003C02F2 /* Debug */,
				E4B69B4F0A3A1720003C02F2 /* Release */,
			);
			defaultConfigurationIsVisible = 0;
			defaultConfigurationName = Release;
		};
		E4B69B5F0A3A1757003C02F2 /* Build configuration list for PBXNativeTarget "fauxclick-woodscape" */ = {
			isa = XCConfigurationList;
			buildConfigurations = (
				E4B69B600A3A1757003C02F2 /* Debug */,
				E4B69B610A3A1757003C02F2 /* Release */,
			);
			defaultConfigurationIsVisible = 0;
			defaultConfigurationName = Release;
		};
/* End XCConfigurationList section */
	};
	rootObject = E4B69B4C0A3A1720003C02F2 /* Project object */;
}
